
Microsoft Visual Studio Solution File, Format Version 12.00
# Visual Studio Version 17
VisualStudioVersion = 17.0.31423.177
MinimumVisualStudioVersion = 10.0.40219.1
Project("{FAE04EC0-301F-11D3-BF4B-00C04F79EFBC}") = "Gifter.Api", "Gifter.Api\Gifter.Api.csproj", "{72605530-E8F5-47EA-9E36-A738973FB75B}"
EndProject
Project("{FAE04EC0-301F-11D3-BF4B-00C04F79EFBC}") = "Gifter.Domain", "Gifter.Domain\Gifter.Domain.csproj", "{63EE116F-D05B-4418-AAFC-4D3A993CCBD2}"
EndProject
Project("{FAE04EC0-301F-11D3-BF4B-00C04F79EFBC}") = "Gifter.Infrastructure", "Gifter.Infrastructure\Gifter.Infrastructure.csproj", "{8DCCDF03-3D67-40DC-AEEC-CE8477D659CB}"
EndProject
Project("{2150E333-8FDC-42A3-9474-1A3956D46DE8}") = "Tests", "Tests", "{C901B8A5-C243-4126-BC16-F4BDC916D5BB}"
EndProject
Project("{FAE04EC0-301F-11D3-BF4B-00C04F79EFBC}") = "Gifter.UnitTests", "Gifter.UnitTests\Gifter.UnitTests.csproj", "{BEB2925C-219F-4328-80AA-9BAAF1CBA55D}"
EndProject
Global
	GlobalSection(SolutionConfigurationPlatforms) = preSolution
		Debug|Any CPU = Debug|Any CPU
		Release|Any CPU = Release|Any CPU
	EndGlobalSection
	GlobalSection(ProjectConfigurationPlatforms) = postSolution
		{72605530-E8F5-47EA-9E36-A738973FB75B}.Debug|Any CPU.ActiveCfg = Debug|Any CPU
		{72605530-E8F5-47EA-9E36-A738973FB75B}.Debug|Any CPU.Build.0 = Debug|Any CPU
		{72605530-E8F5-47EA-9E36-A738973FB75B}.Release|Any CPU.ActiveCfg = Release|Any CPU
		{72605530-E8F5-47EA-9E36-A738973FB75B}.Release|Any CPU.Build.0 = Release|Any CPU
		{63EE116F-D05B-4418-AAFC-4D3A993CCBD2}.Debug|Any CPU.ActiveCfg = Debug|Any CPU
		{63EE116F-D05B-4418-AAFC-4D3A993CCBD2}.Debug|Any CPU.Build.0 = Debug|Any CPU
		{63EE116F-D05B-4418-AAFC-4D3A993CCBD2}.Release|Any CPU.ActiveCfg = Release|Any CPU
		{63EE116F-D05B-4418-AAFC-4D3A993CCBD2}.Release|Any CPU.Build.0 = Release|Any CPU
		{8DCCDF03-3D67-40DC-AEEC-CE8477D659CB}.Debug|Any CPU.ActiveCfg = Debug|Any CPU
		{8DCCDF03-3D67-40DC-AEEC-CE8477D659CB}.Debug|Any CPU.Build.0 = Debug|Any CPU
		{8DCCDF03-3D67-40DC-AEEC-CE8477D659CB}.Release|Any CPU.ActiveCfg = Release|Any CPU
		{8DCCDF03-3D67-40DC-AEEC-CE8477D659CB}.Release|Any CPU.Build.0 = Release|Any CPU
		{BEB2925C-219F-4328-80AA-9BAAF1CBA55D}.Debug|Any CPU.ActiveCfg = Debug|Any CPU
		{BEB2925C-219F-4328-80AA-9BAAF1CBA55D}.Debug|Any CPU.Build.0 = Debug|Any CPU
		{BEB2925C-219F-4328-80AA-9BAAF1CBA55D}.Release|Any CPU.ActiveCfg = Release|Any CPU
		{BEB2925C-219F-4328-80AA-9BAAF1CBA55D}.Release|Any CPU.Build.0 = Release|Any CPU
	EndGlobalSection
	GlobalSection(SolutionProperties) = preSolution
		HideSolutionNode = FALSE
	EndGlobalSection
	GlobalSection(NestedProjects) = preSolution
		{BEB2925C-219F-4328-80AA-9BAAF1CBA55D} = {C901B8A5-C243-4126-BC16-F4BDC916D5BB}
	EndGlobalSection
	GlobalSection(ExtensibilityGlobals) = postSolution
		SolutionGuid = {D92DD84E-4738-44C3-AB07-3461E0B6ACF0}
	EndGlobalSection
EndGlobal
